// !$*UTF8*$!
{
	archiveVersion = 1;
	classes = {
	};
	objectVersion = 46;
	objects = {

/* Begin PBXBuildFile section */
		FF5C3E811E91DCAF00B26465 /* TableViewController.swift in Sources */ = {isa = PBXBuildFile; fileRef = FF5C3E801E91DCAF00B26465 /* TableViewController.swift */; };
		FF734BF71E8E72690078FE40 /* AppDelegate.swift in Sources */ = {isa = PBXBuildFile; fileRef = FF734BF61E8E72690078FE40 /* AppDelegate.swift */; };
		FF734BF91E8E72690078FE40 /* ViewController.swift in Sources */ = {isa = PBXBuildFile; fileRef = FF734BF81E8E72690078FE40 /* ViewController.swift */; };
		FF734BFC1E8E72690078FE40 /* Main.storyboard in Resources */ = {isa = PBXBuildFile; fileRef = FF734BFA1E8E72690078FE40 /* Main.storyboard */; };
		FF734BFE1E8E72690078FE40 /* Assets.xcassets in Resources */ = {isa = PBXBuildFile; fileRef = FF734BFD1E8E72690078FE40 /* Assets.xcassets */; };
		FF734C011E8E72690078FE40 /* LaunchScreen.storyboard in Resources */ = {isa = PBXBuildFile; fileRef = FF734BFF1E8E72690078FE40 /* LaunchScreen.storyboard */; };
		FF734C091E8E78A80078FE40 /* Champ.swift in Sources */ = {isa = PBXBuildFile; fileRef = FF734C081E8E78A80078FE40 /* Champ.swift */; };
		FF734C0B1E8E87E50078FE40 /* DataServices.swift in Sources */ = {isa = PBXBuildFile; fileRef = FF734C0A1E8E87E50078FE40 /* DataServices.swift */; };
		FF734C0F1E8E89C70078FE40 /* APIServices.swift in Sources */ = {isa = PBXBuildFile; fileRef = FF734C0E1E8E89C70078FE40 /* APIServices.swift */; };
/* End PBXBuildFile section */

/* Begin PBXFileReference section */
		FF5C3E801E91DCAF00B26465 /* TableViewController.swift */ = {isa = PBXFileReference; fileEncoding = 4; lastKnownFileType = sourcecode.swift; path = TableViewController.swift; sourceTree = "<group>"; };
		FF734BF31E8E72690078FE40 /* LoadMore.app */ = {isa = PBXFileReference; explicitFileType = wrapper.application; includeInIndex = 0; path = LoadMore.app; sourceTree = BUILT_PRODUCTS_DIR; };
		FF734BF61E8E72690078FE40 /* AppDelegate.swift */ = {isa = PBXFileReference; lastKnownFileType = sourcecode.swift; path = AppDelegate.swift; sourceTree = "<group>"; };
		FF734BF81E8E72690078FE40 /* ViewController.swift */ = {isa = PBXFileReference; lastKnownFileType = sourcecode.swift; path = ViewController.swift; sourceTree = "<group>"; };
		FF734BFB1E8E72690078FE40 /* Base */ = {isa = PBXFileReference; lastKnownFileType = file.storyboard; name = Base; path = Base.lproj/Main.storyboard; sourceTree = "<group>"; };
		FF734BFD1E8E72690078FE40 /* Assets.xcassets */ = {isa = PBXFileReference; lastKnownFileType = folder.assetcatalog; path = Assets.xcassets; sourceTree = "<group>"; };
		FF734C001E8E72690078FE40 /* Base */ = {isa = PBXFileReference; lastKnownFileType = file.storyboard; name = Base; path = Base.lproj/LaunchScreen.storyboard; sourceTree = "<group>"; };
		FF734C021E8E72690078FE40 /* Info.plist */ = {isa = PBXFileReference; lastKnownFileType = text.plist.xml; path = Info.plist; sourceTree = "<group>"; };
		FF734C081E8E78A80078FE40 /* Champ.swift */ = {isa = PBXFileReference; fileEncoding = 4; lastKnownFileType = sourcecode.swift; path = Champ.swift; sourceTree = "<group>"; };
		FF734C0A1E8E87E50078FE40 /* DataServices.swift */ = {isa = PBXFileReference; fileEncoding = 4; lastKnownFileType = sourcecode.swift; path = DataServices.swift; sourceTree = "<group>"; };
		FF734C0E1E8E89C70078FE40 /* APIServices.swift */ = {isa = PBXFileReference; fileEncoding = 4; lastKnownFileType = sourcecode.swift; path = APIServices.swift; sourceTree = "<group>"; };
/* End PBXFileReference section */

/* Begin PBXFrameworksBuildPhase section */
		FF734BF01E8E72690078FE40 /* Frameworks */ = {
			isa = PBXFrameworksBuildPhase;
			buildActionMask = 2147483647;
			files = (
			);
			runOnlyForDeploymentPostprocessing = 0;
		};
/* End PBXFrameworksBuildPhase section */

/* Begin PBXGroup section */
		FF734BEA1E8E72690078FE40 = {
			isa = PBXGroup;
			children = (
				FF734BF51E8E72690078FE40 /* LoadMore */,
				FF734BF41E8E72690078FE40 /* Products */,
			);
			sourceTree = "<group>";
		};
		FF734BF41E8E72690078FE40 /* Products */ = {
			isa = PBXGroup;
			children = (
				FF734BF31E8E72690078FE40 /* LoadMore.app */,
			);
			name = Products;
			sourceTree = "<group>";
		};
		FF734BF51E8E72690078FE40 /* LoadMore */ = {
			isa = PBXGroup;
			children = (
				FF734BF61E8E72690078FE40 /* AppDelegate.swift */,
				FF734BF81E8E72690078FE40 /* ViewController.swift */,
				FF5C3E801E91DCAF00B26465 /* TableViewController.swift */,
				FF734C0A1E8E87E50078FE40 /* DataServices.swift */,
				FF734C0E1E8E89C70078FE40 /* APIServices.swift */,
				FF734C081E8E78A80078FE40 /* Champ.swift */,
				FF734BFA1E8E72690078FE40 /* Main.storyboard */,
				FF734BFD1E8E72690078FE40 /* Assets.xcassets */,
				FF734BFF1E8E72690078FE40 /* LaunchScreen.storyboard */,
				FF734C021E8E72690078FE40 /* Info.plist */,
			);
			path = LoadMore;
			sourceTree = "<group>";
		};
/* End PBXGroup section */

/* Begin PBXNativeTarget section */
		FF734BF21E8E72690078FE40 /* LoadMore */ = {
			isa = PBXNativeTarget;
			buildConfigurationList = FF734C051E8E72690078FE40 /* Build configuration list for PBXNativeTarget "LoadMore" */;
			buildPhases = (
				FF734BEF1E8E72690078FE40 /* Sources */,
				FF734BF01E8E72690078FE40 /* Frameworks */,
				FF734BF11E8E72690078FE40 /* Resources */,
			);
			buildRules = (
			);
			dependencies = (
			);
			name = LoadMore;
			productName = LoadMore;
			productReference = FF734BF31E8E72690078FE40 /* LoadMore.app */;
			productType = "com.apple.product-type.application";
		};
/* End PBXNativeTarget section */

/* Begin PBXProject section */
		FF734BEB1E8E72690078FE40 /* Project object */ = {
			isa = PBXProject;
			attributes = {
				LastSwiftUpdateCheck = 0830;
				LastUpgradeCheck = 0830;
				ORGANIZATIONNAME = "Trương Thắng";
				TargetAttributes = {
					FF734BF21E8E72690078FE40 = {
						CreatedOnToolsVersion = 8.3;
						DevelopmentTeam = 56AJJ634ZU;
						ProvisioningStyle = Automatic;
					};
				};
			};
			buildConfigurationList = FF734BEE1E8E72690078FE40 /* Build configuration list for PBXProject "LoadMore" */;
			compatibilityVersion = "Xcode 3.2";
			developmentRegion = English;
			hasScannedForEncodings = 0;
			knownRegions = (
				en,
				Base,
			);
			mainGroup = FF734BEA1E8E72690078FE40;
			productRefGroup = FF734BF41E8E72690078FE40 /* Products */;
			projectDirPath = "";
			projectRoot = "";
			targets = (
				FF734BF21E8E72690078FE40 /* LoadMore */,
			);
		};
/* End PBXProject section */

/* Begin PBXResourcesBuildPhase section */
		FF734BF11E8E72690078FE40 /* Resources */ = {
			isa = PBXResourcesBuildPhase;
			buildActionMask = 2147483647;
			files = (
				FF734C011E8E72690078FE40 /* LaunchScreen.storyboard in Resources */,
				FF734BFE1E8E72690078FE40 /* Assets.xcassets in Resources */,
				FF734BFC1E8E72690078FE40 /* Main.storyboard in Resources */,
			);
			runOnlyForDeploymentPostprocessing = 0;
		};
/* End PBXResourcesBuildPhase section */

/* Begin PBXSourcesBuildPhase section */
		FF734BEF1E8E72690078FE40 /* Sources */ = {
			isa = PBXSourcesBuildPhase;
			buildActionMask = 2147483647;
			files = (
				FF734BF91E8E72690078FE40 /* ViewController.swift in Sources */,
				FF5C3E811E91DCAF00B26465 /* TableViewController.swift in Sources */,
				FF734C091E8E78A80078FE40 /* Champ.swift in Sources */,
				FF734BF71E8E72690078FE40 /* AppDelegate.swift in Sources */,
				FF734C0B1E8E87E50078FE40 /* DataServices.swift in Sources */,
				FF734C0F1E8E89C70078FE40 /* APIServices.swift in Sources */,
			);
			runOnlyForDeploymentPostprocessing = 0;
		};
/* End PBXSourcesBuildPhase section */

/* Begin PBXVariantGroup section */
		FF734BFA1E8E72690078FE40 /* Main.storyboard */ = {
			isa = PBXVariantGroup;
			children = (
				FF734BFB1E8E72690078FE40 /* Base */,
			);
			name = Main.storyboard;
			sourceTree = "<group>";
		};
		FF734BFF1E8E72690078FE40 /* LaunchScreen.storyboard */ = {
			isa = PBXVariantGroup;
			children = (
				FF734C001E8E72690078FE40 /* Base */,
			);
			name = LaunchScreen.storyboard;
			sourceTree = "<group>";
		};
/* End PBXVariantGroup section */

/* Begin XCBuildConfiguration section */
		FF734C031E8E72690078FE40 /* Debug */ = {
			isa = XCBuildConfiguration;
			buildSettings = {
				ALWAYS_SEARCH_USER_PATHS = NO;
				CLANG_ANALYZER_NONNULL = YES;
				CLANG_ANALYZER_NUMBER_OBJECT_CONVERSION = YES_AGGRESSIVE;
				CLANG_CXX_LANGUAGE_STANDARD = "gnu++0x";
				CLANG_CXX_LIBRARY = "libc++";
				CLANG_ENABLE_MODULES = YES;
				CLANG_ENABLE_OBJC_ARC = YES;
				CLANG_WARN_BOOL_CONVERSION = YES;
				CLANG_WARN_CONSTANT_CONVERSION = YES;
				CLANG_WARN_DIRECT_OBJC_ISA_USAGE = YES_ERROR;
				CLANG_WARN_DOCUMENTATION_COMMENTS = YES;
				CLANG_WARN_EMPTY_BODY = YES;
				CLANG_WARN_ENUM_CONVERSION = YES;
				CLANG_WARN_INFINITE_RECURSION = YES;
				CLANG_WARN_INT_CONVERSION = YES;
				CLANG_WARN_OBJC_ROOT_CLASS = YES_ERROR;
				CLANG_WARN_SUSPICIOUS_MOVE = YES;
				CLANG_WARN_UNREACHABLE_CODE = YES;
				CLANG_WARN__DUPLICATE_METHOD_MATCH = YES;
				"CODE_SIGN_IDENTITY[sdk=iphoneos*]" = "iPhone Developer";
				COPY_PHASE_STRIP = NO;
				DEBUG_INFORMATION_FORMAT = dwarf;
				ENABLE_STRICT_OBJC_MSGSEND = YES;
				ENABLE_TESTABILITY = YES;
				GCC_C_LANGUAGE_STANDARD = gnu99;
				GCC_DYNAMIC_NO_PIC = NO;
				GCC_NO_COMMON_BLOCKS = YES;
				GCC_OPTIMIZATION_LEVEL = 0;
				GCC_PREPROCESSOR_DEFINITIONS = (
					"DEBUG=1",
					"$(inherited)",
				);
				GCC_WARN_64_TO_32_BIT_CONVERSION = YES;
				GCC_WARN_ABOUT_RETURN_TYPE = YES_ERROR;
				GCC_WARN_UNDECLARED_SELECTOR = YES;
				GCC_WARN_UNINITIALIZED_AUTOS = YES_AGGRESSIVE;
				GCC_WARN_UNUSED_FUNCTION = YES;
				GCC_WARN_UNUSED_VARIABLE = YES;
				IPHONEOS_DEPLOYMENT_TARGET = 10.3;
				MTL_ENABLE_DEBUG_INFO = YES;
				ONLY_ACTIVE_ARCH = YES;
				SDKROOT = iphoneos;
				SWIFT_ACTIVE_COMPILATION_CONDITIONS = DEBUG;
				SWIFT_OPTIMIZATION_LEVEL = "-Onone";
				TARGETED_DEVICE_FAMILY = "1,2";
			};
			name = Debug;
		};
		FF734C041E8E72690078FE40 /* Release */ = {
			isa = XCBuildConfiguration;
			buildSettings = {
				ALWAYS_SEARCH_USER_PATHS = NO;
				CLANG_ANALYZER_NONNULL = YES;
				CLANG_ANALYZER_NUMBER_OBJECT_CONVERSION = YES_AGGRESSIVE;
				CLANG_CXX_LANGUAGE_STANDARD = "gnu++0x";
				CLANG_CXX_LIBRARY = "libc++";
				CLANG_ENABLE_MODULES = YES;
				CLANG_ENABLE_OBJC_ARC = YES;
				CLANG_WARN_BOOL_CONVERSION = YES;
				CLANG_WARN_CONSTANT_CONVERSION = YES;
				CLANG_WARN_DIRECT_OBJC_ISA_USAGE = YES_ERROR;
				CLANG_WARN_DOCUMENTATION_COMMENTS = YES;
				CLANG_WARN_EMPTY_BODY = YES;
				CLANG_WARN_ENUM_CONVERSION = YES;
				CLANG_WARN_INFINITE_RECURSION = YES;
				CLANG_WARN_INT_CONVERSION = YES;
				CLANG_WARN_OBJC_ROOT_CLASS = YES_ERROR;
				CLANG_WARN_SUSPICIOUS_MOVE = YES;
				CLANG_WARN_UNREACHABLE_CODE = YES;
				CLANG_WARN__DUPLICATE_METHOD_MATCH = YES;
				"CODE_SIGN_IDENTITY[sdk=iphoneos*]" = "iPhone Developer";
				COPY_PHASE_STRIP = NO;
				DEBUG_INFORMATION_FORMAT = "dwarf-with-dsym";
				ENABLE_NS_ASSERTIONS = NO;
				ENABLE_STRICT_OBJC_MSGSEND = YES;
				GCC_C_LANGUAGE_STANDARD = gnu99;
				GCC_NO_COMMON_BLOCKS = YES;
				GCC_WARN_64_TO_32_BIT_CONVERSION = YES;
				GCC_WARN_ABOUT_RETURN_TYPE = YES_ERROR;
				GCC_WARN_UNDECLARED_SELECTOR = YES;
				GCC_WARN_UNINITIALIZED_AUTOS = YES_AGGRESSIVE;
				GCC_WARN_UNUSED_FUNCTION = YES;
				GCC_WARN_UNUSED_VARIABLE = YES;
				IPHONEOS_DEPLOYMENT_TARGET = 10.3;
				MTL_ENABLE_DEBUG_INFO = NO;
				SDKROOT = iphoneos;
				SWIFT_OPTIMIZATION_LEVEL = "-Owholemodule";
				TARGETED_DEVICE_FAMILY = "1,2";
				VALIDATE_PRODUCT = YES;
			};
			name = Release;
		};
		FF734C061E8E72690078FE40 /* Debug */ = {
			isa = XCBuildConfiguration;
			buildSettings = {
				ASSETCATALOG_COMPILER_APPICON_NAME = AppIcon;
				DEVELOPMENT_TEAM = 56AJJ634ZU;
				INFOPLIST_FILE = LoadMore/Info.plist;
				LD_RUNPATH_SEARCH_PATHS = "$(inherited) @executable_path/Frameworks";
				PRODUCT_BUNDLE_IDENTIFIER = com.example.Big0.LoadMore;
				PRODUCT_NAME = "$(TARGET_NAME)";
				SWIFT_VERSION = 3.0;
			};
			name = Debug;
		};
		FF734C071E8E72690078FE40 /* Release */ = {
			isa = XCBuildConfiguration;
			buildSettings = {
				ASSETCATALOG_COMPILER_APPICON_NAME = AppIcon;
				DEVELOPMENT_TEAM = 56AJJ634ZU;
				INFOPLIST_FILE = LoadMore/Info.plist;
				LD_RUNPATH_SEARCH_PATHS = "$(inherited) @executable_path/Frameworks";
				PRODUCT_BUNDLE_IDENTIFIER = com.example.Big0.LoadMore;
				PRODUCT_NAME = "$(TARGET_NAME)";
				SWIFT_VERSION = 3.0;
			};
			name = Release;
		};
/* End XCBuildConfiguration section */

/* Begin XCConfigurationList section */
		FF734BEE1E8E72690078FE40 /* Build configuration list for PBXProject "LoadMore" */ = {
			isa = XCConfigurationList;
			buildConfigurations = (
				FF734C031E8E72690078FE40 /* Debug */,
				FF734C041E8E72690078FE40 /* Release */,
			);
			defaultConfigurationIsVisible = 0;
			defaultConfigurationName = Release;
		};
		FF734C051E8E72690078FE40 /* Build configuration list for PBXNativeTarget "LoadMore" */ = {
			isa = XCConfigurationList;
			buildConfigurations = (
				FF734C061E8E72690078FE40 /* Debug */,
				FF734C071E8E72690078FE40 /* Release */,
			);
			defaultConfigurationIsVisible = 0;
			defaultConfigurationName = Release;
		};
/* End XCConfigurationList section */
	};
	rootObject = FF734BEB1E8E72690078FE40 /* Project object */;
}
